
Microsoft Visual Studio Solution File, Format Version 12.00
# Visual Studio 15
VisualStudioVersion = 15.0.26124.0
MinimumVisualStudioVersion = 15.0.26124.0
Project("{2150E333-8FDC-42A3-9474-1A3956D46DE8}") = "src", "src", "{D40D6778-926F-4D1F-9E3F-26ABEB3D24F7}"
EndProject
Project("{FAE04EC0-301F-11D3-BF4B-00C04F79EFBC}") = "GradeBook", "src\GradeBook\GradeBook.csproj", "{5A672D0E-59AA-497B-9D2F-19B4A31396AF}"
EndProject
Project("{2150E333-8FDC-42A3-9474-1A3956D46DE8}") = "test", "test", "{4659DBB9-4C65-4938-850C-8DEF1543CE25}"
EndProject
Project("{FAE04EC0-301F-11D3-BF4B-00C04F79EFBC}") = "GradeBook.Test", "test\GradeBook.Test\GradeBook.Test.csproj", "{BC062F48-89C3-4AF9-AAFE-C5F1129D1FE0}"
EndProject
Global
	GlobalSection(SolutionConfigurationPlatforms) = preSolution
		Debug|Any CPU = Debug|Any CPU
		Debug|x64 = Debug|x64
		Debug|x86 = Debug|x86
		Release|Any CPU = Release|Any CPU
		Release|x64 = Release|x64
		Release|x86 = Release|x86
	EndGlobalSection
	GlobalSection(SolutionProperties) = preSolution
		HideSolutionNode = FALSE
	EndGlobalSection
	GlobalSection(ProjectConfigurationPlatforms) = postSolution
		{5A672D0E-59AA-497B-9D2F-19B4A31396AF}.Debug|Any CPU.ActiveCfg = Debug|Any CPU
		{5A672D0E-59AA-497B-9D2F-19B4A31396AF}.Debug|Any CPU.Build.0 = Debug|Any CPU
		{5A672D0E-59AA-497B-9D2F-19B4A31396AF}.Debug|x64.ActiveCfg = Debug|Any CPU
		{5A672D0E-59AA-497B-9D2F-19B4A31396AF}.Debug|x64.Build.0 = Debug|Any CPU
		{5A672D0E-59AA-497B-9D2F-19B4A31396AF}.Debug|x86.ActiveCfg = Debug|Any CPU
		{5A672D0E-59AA-497B-9D2F-19B4A31396AF}.Debug|x86.Build.0 = Debug|Any CPU
		{5A672D0E-59AA-497B-9D2F-19B4A31396AF}.Release|Any CPU.ActiveCfg = Release|Any CPU
		{5A672D0E-59AA-497B-9D2F-19B4A31396AF}.Release|Any CPU.Build.0 = Release|Any CPU
		{5A672D0E-59AA-497B-9D2F-19B4A31396AF}.Release|x64.ActiveCfg = Release|Any CPU
		{5A672D0E-59AA-497B-9D2F-19B4A31396AF}.Release|x64.Build.0 = Release|Any CPU
		{5A672D0E-59AA-497B-9D2F-19B4A31396AF}.Release|x86.ActiveCfg = Release|Any CPU
		{5A672D0E-59AA-497B-9D2F-19B4A31396AF}.Release|x86.Build.0 = Release|Any CPU
		{BC062F48-89C3-4AF9-AAFE-C5F1129D1FE0}.Debug|Any CPU.ActiveCfg = Debug|Any CPU
		{BC062F48-89C3-4AF9-AAFE-C5F1129D1FE0}.Debug|Any CPU.Build.0 = Debug|Any CPU
		{BC062F48-89C3-4AF9-AAFE-C5F1129D1FE0}.Debug|x64.ActiveCfg = Debug|Any CPU
		{BC062F48-89C3-4AF9-AAFE-C5F1129D1FE0}.Debug|x64.Build.0 = Debug|Any CPU
		{BC062F48-89C3-4AF9-AAFE-C5F1129D1FE0}.Debug|x86.ActiveCfg = Debug|Any CPU
		{BC062F48-89C3-4AF9-AAFE-C5F1129D1FE0}.Debug|x86.Build.0 = Debug|Any CPU
		{BC062F48-89C3-4AF9-AAFE-C5F1129D1FE0}.Release|Any CPU.ActiveCfg = Release|Any CPU
		{BC062F48-89C3-4AF9-AAFE-C5F1129D1FE0}.Release|Any CPU.Build.0 = Release|Any CPU
		{BC062F48-89C3-4AF9-AAFE-C5F1129D1FE0}.Release|x64.ActiveCfg = Release|Any CPU
		{BC062F48-89C3-4AF9-AAFE-C5F1129D1FE0}.Release|x64.Build.0 = Release|Any CPU
		{BC062F48-89C3-4AF9-AAFE-C5F1129D1FE0}.Release|x86.ActiveCfg = Release|Any CPU
		{BC062F48-89C3-4AF9-AAFE-C5F1129D1FE0}.Release|x86.Build.0 = Release|Any CPU
	EndGlobalSection
	GlobalSection(NestedProjects) = preSolution
		{5A672D0E-59AA-497B-9D2F-19B4A31396AF} = {D40D6778-926F-4D1F-9E3F-26ABEB3D24F7}
		{BC062F48-89C3-4AF9-AAFE-C5F1129D1FE0} = {4659DBB9-4C65-4938-850C-8DEF1543CE25}
	EndGlobalSection
EndGlobal
